
Microsoft Visual Studio Solution File, Format Version 12.00
# Visual Studio Version 17
VisualStudioVersion = 17.14.36518.9 d17.14
MinimumVisualStudioVersion = 10.0.40219.1
Project("{FAE04EC0-301F-11D3-BF4B-00C04F79EFBC}") = "ApiMercadoComunidad", "ApiMercadoComunidad.csproj", "{89A9D698-48BF-4ED8-AD85-6592842F3947}"
EndProject
Global
	GlobalSection(SolutionConfigurationPlatforms) = preSolution
		Debug|Any CPU = Debug|Any CPU
		Release|Any CPU = Release|Any CPU
	EndGlobalSection
	GlobalSection(ProjectConfigurationPlatforms) = postSolution
		{89A9D698-48BF-4ED8-AD85-6592842F3947}.Debug|Any CPU.ActiveCfg = Debug|Any CPU
		{89A9D698-48BF-4ED8-AD85-6592842F3947}.Debug|Any CPU.Build.0 = Debug|Any CPU
		{89A9D698-48BF-4ED8-AD85-6592842F3947}.Release|Any CPU.ActiveCfg = Release|Any CPU
		{89A9D698-48BF-4ED8-AD85-6592842F3947}.Release|Any CPU.Build.0 = Release|Any CPU
	EndGlobalSection
	GlobalSection(SolutionProperties) = preSolution
		HideSolutionNode = FALSE
	EndGlobalSection
	GlobalSection(ExtensibilityGlobals) = postSolution
		SolutionGuid = {A4FF2778-3FDF-4F98-BCF5-1914A8F8DE1A}
	EndGlobalSection
EndGlobal
